
Microsoft Visual Studio Solution File, Format Version 12.00
# Visual Studio Version 16
VisualStudioVersion = 16.0.31729.503
MinimumVisualStudioVersion = 10.0.40219.1
Project("{FAE04EC0-301F-11D3-BF4B-00C04F79EFBC}") = "indiceMasa", "indiceMasa\indiceMasa.csproj", "{3977155D-F7C0-49E5-B67F-837CA66F256A}"
EndProject
Global
	GlobalSection(SolutionConfigurationPlatforms) = preSolution
		Debug|Any CPU = Debug|Any CPU
		Release|Any CPU = Release|Any CPU
	EndGlobalSection
	GlobalSection(ProjectConfigurationPlatforms) = postSolution
		{3977155D-F7C0-49E5-B67F-837CA66F256A}.Debug|Any CPU.ActiveCfg = Debug|Any CPU
		{3977155D-F7C0-49E5-B67F-837CA66F256A}.Debug|Any CPU.Build.0 = Debug|Any CPU
		{3977155D-F7C0-49E5-B67F-837CA66F256A}.Release|Any CPU.ActiveCfg = Release|Any CPU
		{3977155D-F7C0-49E5-B67F-837CA66F256A}.Release|Any CPU.Build.0 = Release|Any CPU
	EndGlobalSection
	GlobalSection(SolutionProperties) = preSolution
		HideSolutionNode = FALSE
	EndGlobalSection
	GlobalSection(ExtensibilityGlobals) = postSolution
		SolutionGuid = {BC8FC067-0212-4C74-A760-212E2BB32188}
	EndGlobalSection
EndGlobal
