
Microsoft Visual Studio Solution File, Format Version 12.00
# Visual Studio Version 16
VisualStudioVersion = 16.0.31605.320
MinimumVisualStudioVersion = 10.0.40219.1
Project("{FAE04EC0-301F-11D3-BF4B-00C04F79EFBC}") = "cuadrado vacio asteriscos", "cuadrado vacio asteriscos.csproj", "{048D533F-6B0A-4893-ADA5-096F998DFC31}"
EndProject
Global
	GlobalSection(SolutionConfigurationPlatforms) = preSolution
		Debug|Any CPU = Debug|Any CPU
		Release|Any CPU = Release|Any CPU
	EndGlobalSection
	GlobalSection(ProjectConfigurationPlatforms) = postSolution
		{048D533F-6B0A-4893-ADA5-096F998DFC31}.Debug|Any CPU.ActiveCfg = Debug|Any CPU
		{048D533F-6B0A-4893-ADA5-096F998DFC31}.Debug|Any CPU.Build.0 = Debug|Any CPU
		{048D533F-6B0A-4893-ADA5-096F998DFC31}.Release|Any CPU.ActiveCfg = Release|Any CPU
		{048D533F-6B0A-4893-ADA5-096F998DFC31}.Release|Any CPU.Build.0 = Release|Any CPU
	EndGlobalSection
	GlobalSection(SolutionProperties) = preSolution
		HideSolutionNode = FALSE
	EndGlobalSection
	GlobalSection(ExtensibilityGlobals) = postSolution
		SolutionGuid = {941F6C75-3882-4140-A4E1-D895C3888A74}
	EndGlobalSection
EndGlobal
