
Microsoft Visual Studio Solution File, Format Version 12.00
# Visual Studio Version 16
VisualStudioVersion = 16.0.31605.320
MinimumVisualStudioVersion = 10.0.40219.1
Project("{FAE04EC0-301F-11D3-BF4B-00C04F79EFBC}") = "Circulo", "Circulo.csproj", "{46AE43CB-40B0-400E-AD1B-5C98944ADAA0}"
EndProject
Global
	GlobalSection(SolutionConfigurationPlatforms) = preSolution
		Debug|Any CPU = Debug|Any CPU
		Release|Any CPU = Release|Any CPU
	EndGlobalSection
	GlobalSection(ProjectConfigurationPlatforms) = postSolution
		{46AE43CB-40B0-400E-AD1B-5C98944ADAA0}.Debug|Any CPU.ActiveCfg = Debug|Any CPU
		{46AE43CB-40B0-400E-AD1B-5C98944ADAA0}.Debug|Any CPU.Build.0 = Debug|Any CPU
		{46AE43CB-40B0-400E-AD1B-5C98944ADAA0}.Release|Any CPU.ActiveCfg = Release|Any CPU
		{46AE43CB-40B0-400E-AD1B-5C98944ADAA0}.Release|Any CPU.Build.0 = Release|Any CPU
	EndGlobalSection
	GlobalSection(SolutionProperties) = preSolution
		HideSolutionNode = FALSE
	EndGlobalSection
	GlobalSection(ExtensibilityGlobals) = postSolution
		SolutionGuid = {4DB412DC-58F8-40D6-857F-79CB8D783DF6}
	EndGlobalSection
EndGlobal
