
Microsoft Visual Studio Solution File, Format Version 12.00
# Visual Studio Version 16
VisualStudioVersion = 16.0.31605.320
MinimumVisualStudioVersion = 10.0.40219.1
Project("{FAE04EC0-301F-11D3-BF4B-00C04F79EFBC}") = "EjercicioPropuesto2", "EjercicioPropuesto2.csproj", "{E1662B69-BE5B-4EFD-A00F-0756848E2B56}"
EndProject
Global
	GlobalSection(SolutionConfigurationPlatforms) = preSolution
		Debug|Any CPU = Debug|Any CPU
		Release|Any CPU = Release|Any CPU
	EndGlobalSection
	GlobalSection(ProjectConfigurationPlatforms) = postSolution
		{E1662B69-BE5B-4EFD-A00F-0756848E2B56}.Debug|Any CPU.ActiveCfg = Debug|Any CPU
		{E1662B69-BE5B-4EFD-A00F-0756848E2B56}.Debug|Any CPU.Build.0 = Debug|Any CPU
		{E1662B69-BE5B-4EFD-A00F-0756848E2B56}.Release|Any CPU.ActiveCfg = Release|Any CPU
		{E1662B69-BE5B-4EFD-A00F-0756848E2B56}.Release|Any CPU.Build.0 = Release|Any CPU
	EndGlobalSection
	GlobalSection(SolutionProperties) = preSolution
		HideSolutionNode = FALSE
	EndGlobalSection
	GlobalSection(ExtensibilityGlobals) = postSolution
		SolutionGuid = {E173CD6E-D436-4067-B20C-1CA0756E5D54}
	EndGlobalSection
EndGlobal
