
Microsoft Visual Studio Solution File, Format Version 12.00
# Visual Studio Version 16
VisualStudioVersion = 16.0.31605.320
MinimumVisualStudioVersion = 10.0.40219.1
Project("{FAE04EC0-301F-11D3-BF4B-00C04F79EFBC}") = "Segundos en Número de Días", "Segundos en Número de Días.csproj", "{39B26502-2A80-40EA-8F0F-F18AF193751A}"
EndProject
Global
	GlobalSection(SolutionConfigurationPlatforms) = preSolution
		Debug|Any CPU = Debug|Any CPU
		Release|Any CPU = Release|Any CPU
	EndGlobalSection
	GlobalSection(ProjectConfigurationPlatforms) = postSolution
		{39B26502-2A80-40EA-8F0F-F18AF193751A}.Debug|Any CPU.ActiveCfg = Debug|Any CPU
		{39B26502-2A80-40EA-8F0F-F18AF193751A}.Debug|Any CPU.Build.0 = Debug|Any CPU
		{39B26502-2A80-40EA-8F0F-F18AF193751A}.Release|Any CPU.ActiveCfg = Release|Any CPU
		{39B26502-2A80-40EA-8F0F-F18AF193751A}.Release|Any CPU.Build.0 = Release|Any CPU
	EndGlobalSection
	GlobalSection(SolutionProperties) = preSolution
		HideSolutionNode = FALSE
	EndGlobalSection
	GlobalSection(ExtensibilityGlobals) = postSolution
		SolutionGuid = {7D677024-FA00-4425-AF47-1DBDDF7863EC}
	EndGlobalSection
EndGlobal
