
Microsoft Visual Studio Solution File, Format Version 12.00
# Visual Studio Version 16
VisualStudioVersion = 16.0.31605.320
MinimumVisualStudioVersion = 10.0.40219.1
Project("{FAE04EC0-301F-11D3-BF4B-00C04F79EFBC}") = "Número Par o Impar", "Número Par o Impar.csproj", "{091D62FA-A539-4242-85B1-32C8307A0445}"
EndProject
Global
	GlobalSection(SolutionConfigurationPlatforms) = preSolution
		Debug|Any CPU = Debug|Any CPU
		Release|Any CPU = Release|Any CPU
	EndGlobalSection
	GlobalSection(ProjectConfigurationPlatforms) = postSolution
		{091D62FA-A539-4242-85B1-32C8307A0445}.Debug|Any CPU.ActiveCfg = Debug|Any CPU
		{091D62FA-A539-4242-85B1-32C8307A0445}.Debug|Any CPU.Build.0 = Debug|Any CPU
		{091D62FA-A539-4242-85B1-32C8307A0445}.Release|Any CPU.ActiveCfg = Release|Any CPU
		{091D62FA-A539-4242-85B1-32C8307A0445}.Release|Any CPU.Build.0 = Release|Any CPU
	EndGlobalSection
	GlobalSection(SolutionProperties) = preSolution
		HideSolutionNode = FALSE
	EndGlobalSection
	GlobalSection(ExtensibilityGlobals) = postSolution
		SolutionGuid = {0929105F-F793-4A85-B206-6443291CB9AF}
	EndGlobalSection
EndGlobal
