
Microsoft Visual Studio Solution File, Format Version 12.00
# Visual Studio Version 16
VisualStudioVersion = 16.0.31729.503
MinimumVisualStudioVersion = 10.0.40219.1
Project("{FAE04EC0-301F-11D3-BF4B-00C04F79EFBC}") = "CEmpleado", "CEmpleado\CEmpleado.csproj", "{51236047-0035-424E-8F6B-4A89E3B9B1CC}"
EndProject
Global
	GlobalSection(SolutionConfigurationPlatforms) = preSolution
		Debug|Any CPU = Debug|Any CPU
		Release|Any CPU = Release|Any CPU
	EndGlobalSection
	GlobalSection(ProjectConfigurationPlatforms) = postSolution
		{51236047-0035-424E-8F6B-4A89E3B9B1CC}.Debug|Any CPU.ActiveCfg = Debug|Any CPU
		{51236047-0035-424E-8F6B-4A89E3B9B1CC}.Debug|Any CPU.Build.0 = Debug|Any CPU
		{51236047-0035-424E-8F6B-4A89E3B9B1CC}.Release|Any CPU.ActiveCfg = Release|Any CPU
		{51236047-0035-424E-8F6B-4A89E3B9B1CC}.Release|Any CPU.Build.0 = Release|Any CPU
	EndGlobalSection
	GlobalSection(SolutionProperties) = preSolution
		HideSolutionNode = FALSE
	EndGlobalSection
	GlobalSection(ExtensibilityGlobals) = postSolution
		SolutionGuid = {56A2BCB0-2CFF-4EC4-BE15-50647CC55003}
	EndGlobalSection
EndGlobal
