
Microsoft Visual Studio Solution File, Format Version 12.00
# Visual Studio Version 16
VisualStudioVersion = 16.0.31605.320
MinimumVisualStudioVersion = 10.0.40219.1
Project("{FAE04EC0-301F-11D3-BF4B-00C04F79EFBC}") = "ejercicioPropuesto1doWhile", "ejercicioPropuesto1doWhile.csproj", "{5F9B1C12-A1A2-4C78-BAD3-4F42A799AB41}"
EndProject
Global
	GlobalSection(SolutionConfigurationPlatforms) = preSolution
		Debug|Any CPU = Debug|Any CPU
		Release|Any CPU = Release|Any CPU
	EndGlobalSection
	GlobalSection(ProjectConfigurationPlatforms) = postSolution
		{5F9B1C12-A1A2-4C78-BAD3-4F42A799AB41}.Debug|Any CPU.ActiveCfg = Debug|Any CPU
		{5F9B1C12-A1A2-4C78-BAD3-4F42A799AB41}.Debug|Any CPU.Build.0 = Debug|Any CPU
		{5F9B1C12-A1A2-4C78-BAD3-4F42A799AB41}.Release|Any CPU.ActiveCfg = Release|Any CPU
		{5F9B1C12-A1A2-4C78-BAD3-4F42A799AB41}.Release|Any CPU.Build.0 = Release|Any CPU
	EndGlobalSection
	GlobalSection(SolutionProperties) = preSolution
		HideSolutionNode = FALSE
	EndGlobalSection
	GlobalSection(ExtensibilityGlobals) = postSolution
		SolutionGuid = {84044DA0-8A7C-4750-B6B6-C02FF42A3A81}
	EndGlobalSection
EndGlobal
